
Microsoft Visual Studio Solution File, Format Version 12.00
# Visual Studio Version 16
VisualStudioVersion = 16.0.29001.49
MinimumVisualStudioVersion = 10.0.40219.1
Project("{FAE04EC0-301F-11D3-BF4B-00C04F79EFBC}") = "ExtraPracticeWithLoops", "ExtraPracticeWithLoops.csproj", "{0F4F15BA-B6C1-4E7A-88F6-4E10B9D74608}"
EndProject
Global
	GlobalSection(SolutionConfigurationPlatforms) = preSolution
		Debug|Any CPU = Debug|Any CPU
		Release|Any CPU = Release|Any CPU
	EndGlobalSection
	GlobalSection(ProjectConfigurationPlatforms) = postSolution
		{0F4F15BA-B6C1-4E7A-88F6-4E10B9D74608}.Debug|Any CPU.ActiveCfg = Debug|Any CPU
		{0F4F15BA-B6C1-4E7A-88F6-4E10B9D74608}.Debug|Any CPU.Build.0 = Debug|Any CPU
		{0F4F15BA-B6C1-4E7A-88F6-4E10B9D74608}.Release|Any CPU.ActiveCfg = Release|Any CPU
		{0F4F15BA-B6C1-4E7A-88F6-4E10B9D74608}.Release|Any CPU.Build.0 = Release|Any CPU
	EndGlobalSection
	GlobalSection(SolutionProperties) = preSolution
		HideSolutionNode = FALSE
	EndGlobalSection
	GlobalSection(ExtensibilityGlobals) = postSolution
		SolutionGuid = {B2068F08-F28C-49E3-B2D1-DE63315A32AE}
	EndGlobalSection
EndGlobal
