
Microsoft Visual Studio Solution File, Format Version 12.00
# Visual Studio Version 16
VisualStudioVersion = 16.0.29001.49
MinimumVisualStudioVersion = 10.0.40219.1
Project("{FAE04EC0-301F-11D3-BF4B-00C04F79EFBC}") = "ConsoleApp2", "ConsoleApp2\ConsoleApp2.csproj", "{585560B1-225C-4EB8-90B8-DF1FF43C6769}"
EndProject
Global
	GlobalSection(SolutionConfigurationPlatforms) = preSolution
		Debug|Any CPU = Debug|Any CPU
		Release|Any CPU = Release|Any CPU
	EndGlobalSection
	GlobalSection(ProjectConfigurationPlatforms) = postSolution
		{585560B1-225C-4EB8-90B8-DF1FF43C6769}.Debug|Any CPU.ActiveCfg = Debug|Any CPU
		{585560B1-225C-4EB8-90B8-DF1FF43C6769}.Debug|Any CPU.Build.0 = Debug|Any CPU
		{585560B1-225C-4EB8-90B8-DF1FF43C6769}.Release|Any CPU.ActiveCfg = Release|Any CPU
		{585560B1-225C-4EB8-90B8-DF1FF43C6769}.Release|Any CPU.Build.0 = Release|Any CPU
	EndGlobalSection
	GlobalSection(SolutionProperties) = preSolution
		HideSolutionNode = FALSE
	EndGlobalSection
	GlobalSection(ExtensibilityGlobals) = postSolution
		SolutionGuid = {A61CBD12-25CF-45F5-9581-7A26C3456B50}
	EndGlobalSection
EndGlobal
