
Microsoft Visual Studio Solution File, Format Version 12.00
# Visual Studio Version 16
VisualStudioVersion = 16.0.29001.49
MinimumVisualStudioVersion = 10.0.40219.1
Project("{FAE04EC0-301F-11D3-BF4B-00C04F79EFBC}") = "HelloWorld2", "HelloWorld2\HelloWorld2.csproj", "{5407EB46-9B01-4A8F-BFC1-43584370F1BC}"
EndProject
Global
	GlobalSection(SolutionConfigurationPlatforms) = preSolution
		Debug|Any CPU = Debug|Any CPU
		Release|Any CPU = Release|Any CPU
	EndGlobalSection
	GlobalSection(ProjectConfigurationPlatforms) = postSolution
		{5407EB46-9B01-4A8F-BFC1-43584370F1BC}.Debug|Any CPU.ActiveCfg = Debug|Any CPU
		{5407EB46-9B01-4A8F-BFC1-43584370F1BC}.Debug|Any CPU.Build.0 = Debug|Any CPU
		{5407EB46-9B01-4A8F-BFC1-43584370F1BC}.Release|Any CPU.ActiveCfg = Release|Any CPU
		{5407EB46-9B01-4A8F-BFC1-43584370F1BC}.Release|Any CPU.Build.0 = Release|Any CPU
	EndGlobalSection
	GlobalSection(SolutionProperties) = preSolution
		HideSolutionNode = FALSE
	EndGlobalSection
	GlobalSection(ExtensibilityGlobals) = postSolution
		SolutionGuid = {11C480F0-D395-4F9E-A2BF-9A8DEF5DC686}
	EndGlobalSection
EndGlobal
