
Microsoft Visual Studio Solution File, Format Version 12.00
# Visual Studio Version 16
VisualStudioVersion = 16.0.29001.49
MinimumVisualStudioVersion = 10.0.40219.1
Project("{FAE04EC0-301F-11D3-BF4B-00C04F79EFBC}") = "WebApplicationmvc", "WebApplicationmvc.csproj", "{C7651822-97B8-4592-AC04-38D2FBFDFFAB}"
EndProject
Global
	GlobalSection(SolutionConfigurationPlatforms) = preSolution
		Debug|Any CPU = Debug|Any CPU
		Release|Any CPU = Release|Any CPU
	EndGlobalSection
	GlobalSection(ProjectConfigurationPlatforms) = postSolution
		{C7651822-97B8-4592-AC04-38D2FBFDFFAB}.Debug|Any CPU.ActiveCfg = Debug|Any CPU
		{C7651822-97B8-4592-AC04-38D2FBFDFFAB}.Debug|Any CPU.Build.0 = Debug|Any CPU
		{C7651822-97B8-4592-AC04-38D2FBFDFFAB}.Release|Any CPU.ActiveCfg = Release|Any CPU
		{C7651822-97B8-4592-AC04-38D2FBFDFFAB}.Release|Any CPU.Build.0 = Release|Any CPU
	EndGlobalSection
	GlobalSection(SolutionProperties) = preSolution
		HideSolutionNode = FALSE
	EndGlobalSection
	GlobalSection(ExtensibilityGlobals) = postSolution
		SolutionGuid = {88FB5C2C-E445-419B-8896-7AFF62AFF618}
	EndGlobalSection
EndGlobal
